
Microsoft Visual Studio Solution File, Format Version 12.00
# Visual Studio Version 17
VisualStudioVersion = 17.3.32929.385
MinimumVisualStudioVersion = 10.0.40219.1
Project("{FAE04EC0-301F-11D3-BF4B-00C04F79EFBC}") = "WingtipToys", "WingtipToys\WingtipToys.csproj", "{A2A01850-DE84-4EE3-AAEA-14D1BB86C68F}"
EndProject
Global
	GlobalSection(SolutionConfigurationPlatforms) = preSolution
		Debug|Any CPU = Debug|Any CPU
		Release|Any CPU = Release|Any CPU
	EndGlobalSection
	GlobalSection(ProjectConfigurationPlatforms) = postSolution
		{A2A01850-DE84-4EE3-AAEA-14D1BB86C68F}.Debug|Any CPU.ActiveCfg = Debug|Any CPU
		{A2A01850-DE84-4EE3-AAEA-14D1BB86C68F}.Debug|Any CPU.Build.0 = Debug|Any CPU
		{A2A01850-DE84-4EE3-AAEA-14D1BB86C68F}.Release|Any CPU.ActiveCfg = Release|Any CPU
		{A2A01850-DE84-4EE3-AAEA-14D1BB86C68F}.Release|Any CPU.Build.0 = Release|Any CPU
	EndGlobalSection
	GlobalSection(SolutionProperties) = preSolution
		HideSolutionNode = FALSE
	EndGlobalSection
	GlobalSection(ExtensibilityGlobals) = postSolution
		SolutionGuid = {9EB643C4-BA45-4785-88FE-31E1941CCD15}
	EndGlobalSection
EndGlobal
